
Microsoft Visual Studio Solution File, Format Version 12.00
# Visual Studio 14
VisualStudioVersion = 14.0.24720.0
MinimumVisualStudioVersion = 10.0.40219.1
Project("{FAE04EC0-301F-11D3-BF4B-00C04F79EFBC}") = "ContactManager", "ContactManager\ContactManager.csproj", "{DF469B2E-1E0B-4A40-99AB-159E0855A0B1}"
EndProject
Project("{2150E333-8FDC-42A3-9474-1A3956D46DE8}") = "PublishScripts", "PublishScripts", "{D93C50B9-F8A6-4AF9-A5F2-A671B2F09FEF}"
EndProject
Project("{2150E333-8FDC-42A3-9474-1A3956D46DE8}") = "Scripts", "Scripts", "{9155F239-12B6-4C8D-A252-9FAFDE9B811E}"
	ProjectSection(SolutionItems) = preProject
		PublishScripts\Scripts\Deploy-AzureResourceGroup.ps1 = PublishScripts\Scripts\Deploy-AzureResourceGroup.ps1
	EndProjectSection
EndProject
Project("{2150E333-8FDC-42A3-9474-1A3956D46DE8}") = "Templates", "Templates", "{931A2A9A-292F-4DDB-AA0F-79A57EFD9D33}"
	ProjectSection(SolutionItems) = preProject
		PublishScripts\Templates\ContactManager.json = PublishScripts\Templates\ContactManager.json
		PublishScripts\Templates\ContactManager.param.dev.json = PublishScripts\Templates\ContactManager.param.dev.json
	EndProjectSection
EndProject
Global
	GlobalSection(SolutionConfigurationPlatforms) = preSolution
		Debug|Any CPU = Debug|Any CPU
		Release|Any CPU = Release|Any CPU
	EndGlobalSection
	GlobalSection(ProjectConfigurationPlatforms) = postSolution
		{DF469B2E-1E0B-4A40-99AB-159E0855A0B1}.Debug|Any CPU.ActiveCfg = Debug|Any CPU
		{DF469B2E-1E0B-4A40-99AB-159E0855A0B1}.Debug|Any CPU.Build.0 = Debug|Any CPU
		{DF469B2E-1E0B-4A40-99AB-159E0855A0B1}.Release|Any CPU.ActiveCfg = Release|Any CPU
		{DF469B2E-1E0B-4A40-99AB-159E0855A0B1}.Release|Any CPU.Build.0 = Release|Any CPU
	EndGlobalSection
	GlobalSection(SolutionProperties) = preSolution
		HideSolutionNode = FALSE
	EndGlobalSection
	GlobalSection(NestedProjects) = preSolution
		{9155F239-12B6-4C8D-A252-9FAFDE9B811E} = {D93C50B9-F8A6-4AF9-A5F2-A671B2F09FEF}
		{931A2A9A-292F-4DDB-AA0F-79A57EFD9D33} = {D93C50B9-F8A6-4AF9-A5F2-A671B2F09FEF}
	EndGlobalSection
EndGlobal
